
Microsoft Visual Studio Solution File, Format Version 12.00
# Visual Studio Version 17
VisualStudioVersion = 17.14.36414.22 d17.14
MinimumVisualStudioVersion = 10.0.40219.1
Project("{FAE04EC0-301F-11D3-BF4B-00C04F79EFBC}") = "WebApplication2validation_form_html_helper_method", "WebApplication2validation_form_html_helper_method\WebApplication2validation_form_html_helper_method.csproj", "{5919FCEB-3C54-4FDB-B8C1-25E27E1AE56B}"
EndProject
Global
	GlobalSection(SolutionConfigurationPlatforms) = preSolution
		Debug|Any CPU = Debug|Any CPU
		Release|Any CPU = Release|Any CPU
	EndGlobalSection
	GlobalSection(ProjectConfigurationPlatforms) = postSolution
		{5919FCEB-3C54-4FDB-B8C1-25E27E1AE56B}.Debug|Any CPU.ActiveCfg = Debug|Any CPU
		{5919FCEB-3C54-4FDB-B8C1-25E27E1AE56B}.Debug|Any CPU.Build.0 = Debug|Any CPU
		{5919FCEB-3C54-4FDB-B8C1-25E27E1AE56B}.Release|Any CPU.ActiveCfg = Release|Any CPU
		{5919FCEB-3C54-4FDB-B8C1-25E27E1AE56B}.Release|Any CPU.Build.0 = Release|Any CPU
	EndGlobalSection
	GlobalSection(SolutionProperties) = preSolution
		HideSolutionNode = FALSE
	EndGlobalSection
	GlobalSection(ExtensibilityGlobals) = postSolution
		SolutionGuid = {38A8FFC7-27D6-451A-9EDD-5BC33E13CB37}
	EndGlobalSection
EndGlobal
