
Microsoft Visual Studio Solution File, Format Version 12.00
# Visual Studio Version 17
VisualStudioVersion = 17.14.36414.22 d17.14
MinimumVisualStudioVersion = 10.0.40219.1
Project("{FAE04EC0-301F-11D3-BF4B-00C04F79EFBC}") = "WebApplication2dot_net_corestart", "WebApplication2dot_net_corestart\WebApplication2dot_net_corestart.csproj", "{D29D7C5A-CACF-494C-AF29-16E325EA8653}"
EndProject
Global
	GlobalSection(SolutionConfigurationPlatforms) = preSolution
		Debug|Any CPU = Debug|Any CPU
		Release|Any CPU = Release|Any CPU
	EndGlobalSection
	GlobalSection(ProjectConfigurationPlatforms) = postSolution
		{D29D7C5A-CACF-494C-AF29-16E325EA8653}.Debug|Any CPU.ActiveCfg = Debug|Any CPU
		{D29D7C5A-CACF-494C-AF29-16E325EA8653}.Debug|Any CPU.Build.0 = Debug|Any CPU
		{D29D7C5A-CACF-494C-AF29-16E325EA8653}.Release|Any CPU.ActiveCfg = Release|Any CPU
		{D29D7C5A-CACF-494C-AF29-16E325EA8653}.Release|Any CPU.Build.0 = Release|Any CPU
	EndGlobalSection
	GlobalSection(SolutionProperties) = preSolution
		HideSolutionNode = FALSE
	EndGlobalSection
	GlobalSection(ExtensibilityGlobals) = postSolution
		SolutionGuid = {971063C0-75EE-4FA1-88F2-EF54DF105319}
	EndGlobalSection
EndGlobal
